
Microsoft Visual Studio Solution File, Format Version 12.00
Project("{FAE04EC0-301F-11D3-BF4B-00C04F79EFBC}") = "FilterDemo.API", "FilterDemo.API\FilterDemo.API.csproj", "{272A334F-233A-49EA-8E00-62B2FD8664DC}"
EndProject
Global
	GlobalSection(SolutionConfigurationPlatforms) = preSolution
		Debug|Any CPU = Debug|Any CPU
		Release|Any CPU = Release|Any CPU
	EndGlobalSection
	GlobalSection(ProjectConfigurationPlatforms) = postSolution
		{272A334F-233A-49EA-8E00-62B2FD8664DC}.Debug|Any CPU.ActiveCfg = Debug|Any CPU
		{272A334F-233A-49EA-8E00-62B2FD8664DC}.Debug|Any CPU.Build.0 = Debug|Any CPU
		{272A334F-233A-49EA-8E00-62B2FD8664DC}.Release|Any CPU.ActiveCfg = Release|Any CPU
		{272A334F-233A-49EA-8E00-62B2FD8664DC}.Release|Any CPU.Build.0 = Release|Any CPU
	EndGlobalSection
EndGlobal
